
Microsoft Visual Studio Solution File, Format Version 12.00
# Visual Studio 14
VisualStudioVersion = 14.0.24720.0
MinimumVisualStudioVersion = 10.0.40219.1
Project("{FAE04EC0-301F-11D3-BF4B-00C04F79EFBC}") = "FractalTests", "FractalTests\FractalTests.csproj", "{FDFC20CE-FFD4-4C6D-B99B-AF77A262AAD1}"
EndProject
Project("{FAE04EC0-301F-11D3-BF4B-00C04F79EFBC}") = "FractalWinForm", "FractalWinForm\FractalWinForm.csproj", "{D666ED72-3D82-4560-9D34-3C14D6C79643}"
EndProject
Project("{FAE04EC0-301F-11D3-BF4B-00C04F79EFBC}") = "FractalLibrary", "FractalLibrary\FractalLibrary.csproj", "{F1F3E0F3-092E-4E09-84F9-5B85692546F0}"
EndProject
Global
	GlobalSection(Performance) = preSolution
		HasPerformanceSessions = true
	EndGlobalSection
	GlobalSection(SolutionConfigurationPlatforms) = preSolution
		Debug|Any CPU = Debug|Any CPU
		Release|Any CPU = Release|Any CPU
	EndGlobalSection
	GlobalSection(ProjectConfigurationPlatforms) = postSolution
		{FDFC20CE-FFD4-4C6D-B99B-AF77A262AAD1}.Debug|Any CPU.ActiveCfg = Debug|Any CPU
		{FDFC20CE-FFD4-4C6D-B99B-AF77A262AAD1}.Debug|Any CPU.Build.0 = Debug|Any CPU
		{FDFC20CE-FFD4-4C6D-B99B-AF77A262AAD1}.Release|Any CPU.ActiveCfg = Release|Any CPU
		{FDFC20CE-FFD4-4C6D-B99B-AF77A262AAD1}.Release|Any CPU.Build.0 = Release|Any CPU
		{D666ED72-3D82-4560-9D34-3C14D6C79643}.Debug|Any CPU.ActiveCfg = Debug|Any CPU
		{D666ED72-3D82-4560-9D34-3C14D6C79643}.Debug|Any CPU.Build.0 = Debug|Any CPU
		{D666ED72-3D82-4560-9D34-3C14D6C79643}.Release|Any CPU.ActiveCfg = Release|Any CPU
		{D666ED72-3D82-4560-9D34-3C14D6C79643}.Release|Any CPU.Build.0 = Release|Any CPU
		{F1F3E0F3-092E-4E09-84F9-5B85692546F0}.Debug|Any CPU.ActiveCfg = Debug|Any CPU
		{F1F3E0F3-092E-4E09-84F9-5B85692546F0}.Debug|Any CPU.Build.0 = Debug|Any CPU
		{F1F3E0F3-092E-4E09-84F9-5B85692546F0}.Release|Any CPU.ActiveCfg = Release|Any CPU
		{F1F3E0F3-092E-4E09-84F9-5B85692546F0}.Release|Any CPU.Build.0 = Release|Any CPU
	EndGlobalSection
	GlobalSection(SolutionProperties) = preSolution
		HideSolutionNode = FALSE
	EndGlobalSection
EndGlobal
